{
  "lockfile_version": "1",
  "packages": {
    "go@latest": {
      "last_modified": "2024-09-10T15:01:03Z",
      "resolved": "github:NixOS/nixpkgs/5ed627539ac84809c78b2dd6d26a5cebeb5ae269#go_1_23",
      "source": "devbox-search",
      "version": "1.23.1",
      "systems": {
        "aarch64-darwin": {
          "outputs": [
            {
              "name": "out",
              "path": "/nix/store/nvaay1c4banbccyvv6ba1gzyqpypjmfq-go-1.23.1",
              "default": true
            }
          ],
          "store_path": "/nix/store/nvaay1c4banbccyvv6ba1gzyqpypjmfq-go-1.23.1"
        },
        "aarch64-linux": {
          "outputs": [
            {
              "name": "out",
              "path": "/nix/store/9ylsay11jb3p6yarkmlz0fin76cdypwa-go-1.23.1",
              "default": true
            }
          ],
          "store_path": "/nix/store/9ylsay11jb3p6yarkmlz0fin76cdypwa-go-1.23.1"
        },
        "x86_64-darwin": {
          "outputs": [
            {
              "name": "out",
              "path": "/nix/store/zkg5xhyx2rs03dq0qp14nqlx9ff1y5c5-go-1.23.1",
              "default": true
            }
          ],
          "store_path": "/nix/store/zkg5xhyx2rs03dq0qp14nqlx9ff1y5c5-go-1.23.1"
        },
        "x86_64-linux": {
          "outputs": [
            {
              "name": "out",
              "path": "/nix/store/mi0ybwsm6pmxzv9hsm6bcbqaq1pkf8wh-go-1.23.1",
              "default": true
            }
          ],
          "store_path": "/nix/store/mi0ybwsm6pmxzv9hsm6bcbqaq1pkf8wh-go-1.23.1"
        }
      }
    },
    "gopls@latest": {
      "last_modified": "2024-09-12T02:28:40Z",
      "resolved": "github:NixOS/nixpkgs/111ed8812c10d7dc3017de46cbf509600c93f551#gopls",
      "source": "devbox-search",
      "version": "0.16.2",
      "systems": {
        "aarch64-darwin": {
          "outputs": [
            {
              "name": "out",
              "path": "/nix/store/62algcwigrdx7ak14dwppjdsdy9aziva-gopls-0.16.2",
              "default": true
            }
          ],
          "store_path": "/nix/store/62algcwigrdx7ak14dwppjdsdy9aziva-gopls-0.16.2"
        },
        "aarch64-linux": {
          "outputs": [
            {
              "name": "out",
              "path": "/nix/store/l4xb6niqplxri2ziwajjm87apdwgld21-gopls-0.16.2",
              "default": true
            }
          ],
          "store_path": "/nix/store/l4xb6niqplxri2ziwajjm87apdwgld21-gopls-0.16.2"
        },
        "x86_64-darwin": {
          "outputs": [
            {
              "name": "out",
              "path": "/nix/store/8ffc2jqw59mkhzj7s06rnwgh7i16qric-gopls-0.16.2",
              "default": true
            }
          ],
          "store_path": "/nix/store/8ffc2jqw59mkhzj7s06rnwgh7i16qric-gopls-0.16.2"
        },
        "x86_64-linux": {
          "outputs": [
            {
              "name": "out",
              "path": "/nix/store/6nysag23irns7ldbsdrjwc1ckap1hqm6-gopls-0.16.2",
              "default": true
            }
          ],
          "store_path": "/nix/store/6nysag23irns7ldbsdrjwc1ckap1hqm6-gopls-0.16.2"
        }
      }
    },
    "mariadb-client@latest": {
      "last_modified": "2023-02-24T09:01:09Z",
      "resolved": "github:NixOS/nixpkgs/7d0ed7f2e5aea07ab22ccb338d27fbe347ed2f11#mariadb-client",
      "source": "devbox-search",
      "version": "10.6.12"
    },
    "nodejs@20": {
      "last_modified": "2024-09-10T15:01:03Z",
      "plugin_version": "0.0.2",
      "resolved": "github:NixOS/nixpkgs/5ed627539ac84809c78b2dd6d26a5cebeb5ae269#nodejs_20",
      "source": "devbox-search",
      "version": "20.17.0",
      "systems": {
        "aarch64-darwin": {
          "outputs": [
            {
              "name": "out",
              "path": "/nix/store/hxl1k8qgmrm1vfq5f419iv4wybz9szqq-nodejs-20.17.0",
              "default": true
            },
            {
              "name": "libv8",
              "path": "/nix/store/baf3p9zf8dn2arp6wjkdi3v0g2xgfd6y-nodejs-20.17.0-libv8"
            }
          ],
          "store_path": "/nix/store/hxl1k8qgmrm1vfq5f419iv4wybz9szqq-nodejs-20.17.0"
        },
        "aarch64-linux": {
          "outputs": [
            {
              "name": "out",
              "path": "/nix/store/vc64zpxndmp3xh9699yb2vpbl81pxbk0-nodejs-20.17.0",
              "default": true
            },
            {
              "name": "libv8",
              "path": "/nix/store/0c57mzp5bqf0pp4a0pdj8wynphsgi92c-nodejs-20.17.0-libv8"
            }
          ],
          "store_path": "/nix/store/vc64zpxndmp3xh9699yb2vpbl81pxbk0-nodejs-20.17.0"
        },
        "x86_64-darwin": {
          "outputs": [
            {
              "name": "out",
              "path": "/nix/store/lgyrki1i0205nwh51c1h22bhl95x0nyd-nodejs-20.17.0",
              "default": true
            },
            {
              "name": "libv8",
              "path": "/nix/store/n4xvswmgb3ql2440bkl8xk4i3b11w46x-nodejs-20.17.0-libv8"
            }
          ],
          "store_path": "/nix/store/lgyrki1i0205nwh51c1h22bhl95x0nyd-nodejs-20.17.0"
        },
        "x86_64-linux": {
          "outputs": [
            {
              "name": "out",
              "path": "/nix/store/w78sh036dyn14f29w8za9ni9syrmwm3q-nodejs-20.17.0",
              "default": true
            },
            {
              "name": "libv8",
              "path": "/nix/store/bsqha32xvv1j20bwkhr2wsnclk4qsi3a-nodejs-20.17.0-libv8"
            }
          ],
          "store_path": "/nix/store/w78sh036dyn14f29w8za9ni9syrmwm3q-nodejs-20.17.0"
        }
      }
    },
    "prettierd@latest": {
      "last_modified": "2024-09-10T15:01:03Z",
      "resolved": "github:NixOS/nixpkgs/5ed627539ac84809c78b2dd6d26a5cebeb5ae269#prettierd",
      "source": "devbox-search",
      "version": "0.25.3",
      "systems": {
        "aarch64-darwin": {
          "outputs": [
            {
              "name": "out",
              "path": "/nix/store/63m2ql6mj58jy7276058pddjzak1d92q-fsouza-prettierd-0.25.3",
              "default": true
            }
          ],
          "store_path": "/nix/store/63m2ql6mj58jy7276058pddjzak1d92q-fsouza-prettierd-0.25.3"
        },
        "aarch64-linux": {
          "outputs": [
            {
              "name": "out",
              "path": "/nix/store/a5rq7ish4qkzyp3mf9qrj7kilwmph0rh-fsouza-prettierd-0.25.3",
              "default": true
            }
          ],
          "store_path": "/nix/store/a5rq7ish4qkzyp3mf9qrj7kilwmph0rh-fsouza-prettierd-0.25.3"
        },
        "x86_64-darwin": {
          "outputs": [
            {
              "name": "out",
              "path": "/nix/store/1w522wpr1rsjm7k5c940niwlm45ld4p0-fsouza-prettierd-0.25.3",
              "default": true
            }
          ],
          "store_path": "/nix/store/1w522wpr1rsjm7k5c940niwlm45ld4p0-fsouza-prettierd-0.25.3"
        },
        "x86_64-linux": {
          "outputs": [
            {
              "name": "out",
              "path": "/nix/store/d1laj0rnvlpz5l4xyalx87sxslkccl0w-fsouza-prettierd-0.25.3",
              "default": true
            }
          ],
          "store_path": "/nix/store/d1laj0rnvlpz5l4xyalx87sxslkccl0w-fsouza-prettierd-0.25.3"
        }
      }
    },
    "tailwindcss-language-server@latest": {
      "last_modified": "2024-09-10T15:01:03Z",
      "resolved": "github:NixOS/nixpkgs/5ed627539ac84809c78b2dd6d26a5cebeb5ae269#tailwindcss-language-server",
      "source": "devbox-search",
      "version": "0.0.21",
      "systems": {
        "aarch64-darwin": {
          "outputs": [
            {
              "name": "out",
              "path": "/nix/store/awlq98f22nzql8s8xh2y45nznzb92b59-tailwindcss-language-server-0.0.21",
              "default": true
            }
          ],
          "store_path": "/nix/store/awlq98f22nzql8s8xh2y45nznzb92b59-tailwindcss-language-server-0.0.21"
        },
        "aarch64-linux": {
          "outputs": [
            {
              "name": "out",
              "path": "/nix/store/nycf9qqphrh6vd7y0c03zxhdibpvbmmx-tailwindcss-language-server-0.0.21",
              "default": true
            }
          ],
          "store_path": "/nix/store/nycf9qqphrh6vd7y0c03zxhdibpvbmmx-tailwindcss-language-server-0.0.21"
        },
        "x86_64-darwin": {
          "outputs": [
            {
              "name": "out",
              "path": "/nix/store/qxhhqwsbh3jjk4x4411z7rk33c27f4sb-tailwindcss-language-server-0.0.21",
              "default": true
            }
          ],
          "store_path": "/nix/store/qxhhqwsbh3jjk4x4411z7rk33c27f4sb-tailwindcss-language-server-0.0.21"
        },
        "x86_64-linux": {
          "outputs": [
            {
              "name": "out",
              "path": "/nix/store/fzlkpk5p2w7piqc6vvxvky4zbswc1fms-tailwindcss-language-server-0.0.21",
              "default": true
            }
          ],
          "store_path": "/nix/store/fzlkpk5p2w7piqc6vvxvky4zbswc1fms-tailwindcss-language-server-0.0.21"
        }
      }
    },
    "typescript-language-server@latest": {
      "last_modified": "2024-09-29T22:19:52Z",
      "resolved": "github:NixOS/nixpkgs/4e0c36e4dd53f35d5a6385bdae88895ec5832f70#typescript-language-server",
      "source": "devbox-search",
      "version": "4.3.3",
      "systems": {
        "aarch64-darwin": {
          "outputs": [
            {
              "name": "out",
              "path": "/nix/store/p13b0sm7pfhv4gyzsj6i1334i9rgvzi9-typescript-language-server-4.3.3",
              "default": true
            }
          ],
          "store_path": "/nix/store/p13b0sm7pfhv4gyzsj6i1334i9rgvzi9-typescript-language-server-4.3.3"
        },
        "aarch64-linux": {
          "outputs": [
            {
              "name": "out",
              "path": "/nix/store/mqhkzdmrm1f6wggxk9sasd61pqd5yjv6-typescript-language-server-4.3.3",
              "default": true
            }
          ],
          "store_path": "/nix/store/mqhkzdmrm1f6wggxk9sasd61pqd5yjv6-typescript-language-server-4.3.3"
        },
        "x86_64-darwin": {
          "outputs": [
            {
              "name": "out",
              "path": "/nix/store/934l9i9k6xpp1pnr9djx54xnsi71n4rl-typescript-language-server-4.3.3",
              "default": true
            }
          ],
          "store_path": "/nix/store/934l9i9k6xpp1pnr9djx54xnsi71n4rl-typescript-language-server-4.3.3"
        },
        "x86_64-linux": {
          "outputs": [
            {
              "name": "out",
              "path": "/nix/store/a9fqwmq6nm2xn945yy9z6qhdxni03gq1-typescript-language-server-4.3.3",
              "default": true
            }
          ],
          "store_path": "/nix/store/a9fqwmq6nm2xn945yy9z6qhdxni03gq1-typescript-language-server-4.3.3"
        }
      }
    }
  }
}
